
Microsoft Visual Studio Solution File, Format Version 12.00
# Visual Studio Version 17
VisualStudioVersion = 17.5.33627.172
MinimumVisualStudioVersion = 10.0.40219.1
Project("{9A19103F-16F7-4668-BE54-9A1E7A4F7556}") = "SukaLambdaEngine", "src\SukaLambdaEngine.csproj", "{7A722C4E-D146-4C67-A40F-5690318F82FA}"
EndProject
Project("{9A19103F-16F7-4668-BE54-9A1E7A4F7556}") = "SukaLambdaEngineTests", "SukaLambdaEngineTests\SukaLambdaEngineTests.csproj", "{53F167B3-5552-4B81-B3C0-E5F72E3E2E66}"
EndProject
Global
	GlobalSection(SolutionConfigurationPlatforms) = preSolution
		Debug|Any CPU = Debug|Any CPU
		Release|Any CPU = Release|Any CPU
	EndGlobalSection
	GlobalSection(ProjectConfigurationPlatforms) = postSolution
		{7A722C4E-D146-4C67-A40F-5690318F82FA}.Debug|Any CPU.ActiveCfg = Debug|Any CPU
		{7A722C4E-D146-4C67-A40F-5690318F82FA}.Debug|Any CPU.Build.0 = Debug|Any CPU
		{7A722C4E-D146-4C67-A40F-5690318F82FA}.Release|Any CPU.ActiveCfg = Release|Any CPU
		{7A722C4E-D146-4C67-A40F-5690318F82FA}.Release|Any CPU.Build.0 = Release|Any CPU
		{53F167B3-5552-4B81-B3C0-E5F72E3E2E66}.Debug|Any CPU.ActiveCfg = Debug|Any CPU
		{53F167B3-5552-4B81-B3C0-E5F72E3E2E66}.Debug|Any CPU.Build.0 = Debug|Any CPU
		{53F167B3-5552-4B81-B3C0-E5F72E3E2E66}.Release|Any CPU.ActiveCfg = Release|Any CPU
		{53F167B3-5552-4B81-B3C0-E5F72E3E2E66}.Release|Any CPU.Build.0 = Release|Any CPU
	EndGlobalSection
	GlobalSection(SolutionProperties) = preSolution
		HideSolutionNode = FALSE
	EndGlobalSection
	GlobalSection(ExtensibilityGlobals) = postSolution
		SolutionGuid = {173832C6-39DD-4820-8FE9-BCD2365D0EA0}
	EndGlobalSection
EndGlobal
